// !$*UTF8*$!
{
	archiveVersion = 1;
	classes = {
	};
	objectVersion = 46;
	objects = {

/* Begin PBXBuildFile section */
		6331707E1840A49500F3268D /* Foundation.framework in Frameworks */ = {isa = PBXBuildFile; fileRef = 6331707D1840A49500F3268D /* Foundation.framework */; };
		633170801840A49500F3268D /* CoreGraphics.framework in Frameworks */ = {isa = PBXBuildFile; fileRef = 6331707F1840A49500F3268D /* CoreGraphics.framework */; };
		633170821840A49500F3268D /* UIKit.framework in Frameworks */ = {isa = PBXBuildFile; fileRef = 633170811840A49500F3268D /* UIKit.framework */; };
		633170881840A49500F3268D /* InfoPlist.strings in Resources */ = {isa = PBXBuildFile; fileRef = 633170861840A49500F3268D /* InfoPlist.strings */; };
		6331708A1840A49500F3268D /* main.m in Sources */ = {isa = PBXBuildFile; fileRef = 633170891840A49500F3268D /* main.m */; };
		6331708E1840A49500F3268D /* JBAppDelegate.m in Sources */ = {isa = PBXBuildFile; fileRef = 6331708D1840A49500F3268D /* JBAppDelegate.m */; };
		633170901840A49500F3268D /* Images.xcassets in Resources */ = {isa = PBXBuildFile; fileRef = 6331708F1840A49500F3268D /* Images.xcassets */; };
		633170971840A49500F3268D /* XCTest.framework in Frameworks */ = {isa = PBXBuildFile; fileRef = 633170961840A49500F3268D /* XCTest.framework */; };
		633170981840A49500F3268D /* Foundation.framework in Frameworks */ = {isa = PBXBuildFile; fileRef = 6331707D1840A49500F3268D /* Foundation.framework */; };
		633170991840A49500F3268D /* UIKit.framework in Frameworks */ = {isa = PBXBuildFile; fileRef = 633170811840A49500F3268D /* UIKit.framework */; };
		633170A11840A49500F3268D /* InfoPlist.strings in Resources */ = {isa = PBXBuildFile; fileRef = 6331709F1840A49500F3268D /* InfoPlist.strings */; };
		633170A31840A49500F3268D /* JukeboxTests.m in Sources */ = {isa = PBXBuildFile; fileRef = 633170A21840A49500F3268D /* JukeboxTests.m */; };
/* End PBXBuildFile section */

/* Begin PBXContainerItemProxy section */
		6331709A1840A49500F3268D /* PBXContainerItemProxy */ = {
			isa = PBXContainerItemProxy;
			containerPortal = 633170721840A49500F3268D /* Project object */;
			proxyType = 1;
			remoteGlobalIDString = 633170791840A49500F3268D;
			remoteInfo = Jukebox;
		};
/* End PBXContainerItemProxy section */

/* Begin PBXFileReference section */
		6331707A1840A49500F3268D /* Jukebox.app */ = {isa = PBXFileReference; explicitFileType = wrapper.application; includeInIndex = 0; path = Jukebox.app; sourceTree = BUILT_PRODUCTS_DIR; };
		6331707D1840A49500F3268D /* Foundation.framework */ = {isa = PBXFileReference; lastKnownFileType = wrapper.framework; name = Foundation.framework; path = System/Library/Frameworks/Foundation.framework; sourceTree = SDKROOT; };
		6331707F1840A49500F3268D /* CoreGraphics.framework */ = {isa = PBXFileReference; lastKnownFileType = wrapper.framework; name = CoreGraphics.framework; path = System/Library/Frameworks/CoreGraphics.framework; sourceTree = SDKROOT; };
		633170811840A49500F3268D /* UIKit.framework */ = {isa = PBXFileReference; lastKnownFileType = wrapper.framework; name = UIKit.framework; path = System/Library/Frameworks/UIKit.framework; sourceTree = SDKROOT; };
		633170851840A49500F3268D /* Jukebox-Info.plist */ = {isa = PBXFileReference; lastKnownFileType = text.plist.xml; path = "Jukebox-Info.plist"; sourceTree = "<group>"; };
		633170871840A49500F3268D /* en */ = {isa = PBXFileReference; lastKnownFileType = text.plist.strings; name = en; path = en.lproj/InfoPlist.strings; sourceTree = "<group>"; };
		633170891840A49500F3268D /* main.m */ = {isa = PBXFileReference; lastKnownFileType = sourcecode.c.objc; path = main.m; sourceTree = "<group>"; };
		6331708B1840A49500F3268D /* Jukebox-Prefix.pch */ = {isa = PBXFileReference; lastKnownFileType = sourcecode.c.h; path = "Jukebox-Prefix.pch"; sourceTree = "<group>"; };
		6331708C1840A49500F3268D /* JBAppDelegate.h */ = {isa = PBXFileReference; lastKnownFileType = sourcecode.c.h; path = JBAppDelegate.h; sourceTree = "<group>"; };
		6331708D1840A49500F3268D /* JBAppDelegate.m */ = {isa = PBXFileReference; lastKnownFileType = sourcecode.c.objc; path = JBAppDelegate.m; sourceTree = "<group>"; };
		6331708F1840A49500F3268D /* Images.xcassets */ = {isa = PBXFileReference; lastKnownFileType = folder.assetcatalog; path = Images.xcassets; sourceTree = "<group>"; };
		633170951840A49500F3268D /* JukeboxTests.xctest */ = {isa = PBXFileReference; explicitFileType = wrapper.cfbundle; includeInIndex = 0; path = JukeboxTests.xctest; sourceTree = BUILT_PRODUCTS_DIR; };
		633170961840A49500F3268D /* XCTest.framework */ = {isa = PBXFileReference; lastKnownFileType = wrapper.framework; name = XCTest.framework; path = Library/Frameworks/XCTest.framework; sourceTree = DEVELOPER_DIR; };
		6331709E1840A49500F3268D /* JukeboxTests-Info.plist */ = {isa = PBXFileReference; lastKnownFileType = text.plist.xml; path = "JukeboxTests-Info.plist"; sourceTree = "<group>"; };
		633170A01840A49500F3268D /* en */ = {isa = PBXFileReference; lastKnownFileType = text.plist.strings; name = en; path = en.lproj/InfoPlist.strings; sourceTree = "<group>"; };
		633170A21840A49500F3268D /* JukeboxTests.m */ = {isa = PBXFileReference; lastKnownFileType = sourcecode.c.objc; path = JukeboxTests.m; sourceTree = "<group>"; };
/* End PBXFileReference section */

/* Begin PBXFrameworksBuildPhase section */
		633170771840A49500F3268D /* Frameworks */ = {
			isa = PBXFrameworksBuildPhase;
			buildActionMask = 2147483647;
			files = (
				633170801840A49500F3268D /* CoreGraphics.framework in Frameworks */,
				633170821840A49500F3268D /* UIKit.framework in Frameworks */,
				6331707E1840A49500F3268D /* Foundation.framework in Frameworks */,
			);
			runOnlyForDeploymentPostprocessing = 0;
		};
		633170921840A49500F3268D /* Frameworks */ = {
			isa = PBXFrameworksBuildPhase;
			buildActionMask = 2147483647;
			files = (
				633170971840A49500F3268D /* XCTest.framework in Frameworks */,
				633170991840A49500F3268D /* UIKit.framework in Frameworks */,
				633170981840A49500F3268D /* Foundation.framework in Frameworks */,
			);
			runOnlyForDeploymentPostprocessing = 0;
		};
/* End PBXFrameworksBuildPhase section */

/* Begin PBXGroup section */
		633170711840A49500F3268D = {
			isa = PBXGroup;
			children = (
				633170831840A49500F3268D /* Jukebox */,
				6331709C1840A49500F3268D /* JukeboxTests */,
				6331707C1840A49500F3268D /* Frameworks */,
				6331707B1840A49500F3268D /* Products */,
			);
			sourceTree = "<group>";
		};
		6331707B1840A49500F3268D /* Products */ = {
			isa = PBXGroup;
			children = (
				6331707A1840A49500F3268D /* Jukebox.app */,
				633170951840A49500F3268D /* JukeboxTests.xctest */,
			);
			name = Products;
			sourceTree = "<group>";
		};
		6331707C1840A49500F3268D /* Frameworks */ = {
			isa = PBXGroup;
			children = (
				6331707D1840A49500F3268D /* Foundation.framework */,
				6331707F1840A49500F3268D /* CoreGraphics.framework */,
				633170811840A49500F3268D /* UIKit.framework */,
				633170961840A49500F3268D /* XCTest.framework */,
			);
			name = Frameworks;
			sourceTree = "<group>";
		};
		633170831840A49500F3268D /* Jukebox */ = {
			isa = PBXGroup;
			children = (
				6331708C1840A49500F3268D /* JBAppDelegate.h */,
				6331708D1840A49500F3268D /* JBAppDelegate.m */,
				6331708F1840A49500F3268D /* Images.xcassets */,
				633170841840A49500F3268D /* Supporting Files */,
			);
			path = Jukebox;
			sourceTree = "<group>";
		};
		633170841840A49500F3268D /* Supporting Files */ = {
			isa = PBXGroup;
			children = (
				633170851840A49500F3268D /* Jukebox-Info.plist */,
				633170861840A49500F3268D /* InfoPlist.strings */,
				633170891840A49500F3268D /* main.m */,
				6331708B1840A49500F3268D /* Jukebox-Prefix.pch */,
			);
			name = "Supporting Files";
			sourceTree = "<group>";
		};
		6331709C1840A49500F3268D /* JukeboxTests */ = {
			isa = PBXGroup;
			children = (
				633170A21840A49500F3268D /* JukeboxTests.m */,
				6331709D1840A49500F3268D /* Supporting Files */,
			);
			path = JukeboxTests;
			sourceTree = "<group>";
		};
		6331709D1840A49500F3268D /* Supporting Files */ = {
			isa = PBXGroup;
			children = (
				6331709E1840A49500F3268D /* JukeboxTests-Info.plist */,
				6331709F1840A49500F3268D /* InfoPlist.strings */,
			);
			name = "Supporting Files";
			sourceTree = "<group>";
		};
/* End PBXGroup section */

/* Begin PBXNativeTarget section */
		633170791840A49500F3268D /* Jukebox */ = {
			isa = PBXNativeTarget;
			buildConfigurationList = 633170A61840A49500F3268D /* Build configuration list for PBXNativeTarget "Jukebox" */;
			buildPhases = (
				633170761840A49500F3268D /* Sources */,
				633170771840A49500F3268D /* Frameworks */,
				633170781840A49500F3268D /* Resources */,
			);
			buildRules = (
			);
			dependencies = (
			);
			name = Jukebox;
			productName = Jukebox;
			productReference = 6331707A1840A49500F3268D /* Jukebox.app */;
			productType = "com.apple.product-type.application";
		};
		633170941840A49500F3268D /* JukeboxTests */ = {
			isa = PBXNativeTarget;
			buildConfigurationList = 633170A91840A49500F3268D /* Build configuration list for PBXNativeTarget "JukeboxTests" */;
			buildPhases = (
				633170911840A49500F3268D /* Sources */,
				633170921840A49500F3268D /* Frameworks */,
				633170931840A49500F3268D /* Resources */,
			);
			buildRules = (
			);
			dependencies = (
				6331709B1840A49500F3268D /* PBXTargetDependency */,
			);
			name = JukeboxTests;
			productName = JukeboxTests;
			productReference = 633170951840A49500F3268D /* JukeboxTests.xctest */;
			productType = "com.apple.product-type.bundle.unit-test";
		};
/* End PBXNativeTarget section */

/* Begin PBXProject section */
		633170721840A49500F3268D /* Project object */ = {
			isa = PBXProject;
			attributes = {
				CLASSPREFIX = JB;
				LastUpgradeCheck = 0500;
				ORGANIZATIONNAME = "Hack Attack";
				TargetAttributes = {
					633170941840A49500F3268D = {
						TestTargetID = 633170791840A49500F3268D;
					};
				};
			};
			buildConfigurationList = 633170751840A49500F3268D /* Build configuration list for PBXProject "Jukebox" */;
			compatibilityVersion = "Xcode 3.2";
			developmentRegion = English;
			hasScannedForEncodings = 0;
			knownRegions = (
				en,
			);
			mainGroup = 633170711840A49500F3268D;
			productRefGroup = 6331707B1840A49500F3268D /* Products */;
			projectDirPath = "";
			projectRoot = "";
			targets = (
				633170791840A49500F3268D /* Jukebox */,
				633170941840A49500F3268D /* JukeboxTests */,
			);
		};
/* End PBXProject section */

/* Begin PBXResourcesBuildPhase section */
		633170781840A49500F3268D /* Resources */ = {
			isa = PBXResourcesBuildPhase;
			buildActionMask = 2147483647;
			files = (
				633170881840A49500F3268D /* InfoPlist.strings in Resources */,
				633170901840A49500F3268D /* Images.xcassets in Resources */,
			);
			runOnlyForDeploymentPostprocessing = 0;
		};
		633170931840A49500F3268D /* Resources */ = {
			isa = PBXResourcesBuildPhase;
			buildActionMask = 2147483647;
			files = (
				633170A11840A49500F3268D /* InfoPlist.strings in Resources */,
			);
			runOnlyForDeploymentPostprocessing = 0;
		};
/* End PBXResourcesBuildPhase section */

/* Begin PBXSourcesBuildPhase section */
		633170761840A49500F3268D /* Sources */ = {
			isa = PBXSourcesBuildPhase;
			buildActionMask = 2147483647;
			files = (
				6331708E1840A49500F3268D /* JBAppDelegate.m in Sources */,
				6331708A1840A49500F3268D /* main.m in Sources */,
			);
			runOnlyForDeploymentPostprocessing = 0;
		};
		633170911840A49500F3268D /* Sources */ = {
			isa = PBXSourcesBuildPhase;
			buildActionMask = 2147483647;
			files = (
				633170A31840A49500F3268D /* JukeboxTests.m in Sources */,
			);
			runOnlyForDeploymentPostprocessing = 0;
		};
/* End PBXSourcesBuildPhase section */

/* Begin PBXTargetDependency section */
		6331709B1840A49500F3268D /* PBXTargetDependency */ = {
			isa = PBXTargetDependency;
			target = 633170791840A49500F3268D /* Jukebox */;
			targetProxy = 6331709A1840A49500F3268D /* PBXContainerItemProxy */;
		};
/* End PBXTargetDependency section */

/* Begin PBXVariantGroup section */
		633170861840A49500F3268D /* InfoPlist.strings */ = {
			isa = PBXVariantGroup;
			children = (
				633170871840A49500F3268D /* en */,
			);
			name = InfoPlist.strings;
			sourceTree = "<group>";
		};
		6331709F1840A49500F3268D /* InfoPlist.strings */ = {
			isa = PBXVariantGroup;
			children = (
				633170A01840A49500F3268D /* en */,
			);
			name = InfoPlist.strings;
			sourceTree = "<group>";
		};
/* End PBXVariantGroup section */

/* Begin XCBuildConfiguration section */
		633170A41840A49500F3268D /* Debug */ = {
			isa = XCBuildConfiguration;
			buildSettings = {
				ALWAYS_SEARCH_USER_PATHS = NO;
				ARCHS = "$(ARCHS_STANDARD_INCLUDING_64_BIT)";
				CLANG_CXX_LANGUAGE_STANDARD = "gnu++0x";
				CLANG_CXX_LIBRARY = "libc++";
				CLANG_ENABLE_MODULES = YES;
				CLANG_ENABLE_OBJC_ARC = YES;
				CLANG_WARN_BOOL_CONVERSION = YES;
				CLANG_WARN_CONSTANT_CONVERSION = YES;
				CLANG_WARN_DIRECT_OBJC_ISA_USAGE = YES_ERROR;
				CLANG_WARN_EMPTY_BODY = YES;
				CLANG_WARN_ENUM_CONVERSION = YES;
				CLANG_WARN_INT_CONVERSION = YES;
				CLANG_WARN_OBJC_ROOT_CLASS = YES_ERROR;
				CLANG_WARN__DUPLICATE_METHOD_MATCH = YES;
				"CODE_SIGN_IDENTITY[sdk=iphoneos*]" = "iPhone Developer";
				COPY_PHASE_STRIP = NO;
				GCC_C_LANGUAGE_STANDARD = gnu99;
				GCC_DYNAMIC_NO_PIC = NO;
				GCC_OPTIMIZATION_LEVEL = 0;
				GCC_PREPROCESSOR_DEFINITIONS = (
					"DEBUG=1",
					"$(inherited)",
				);
				GCC_SYMBOLS_PRIVATE_EXTERN = NO;
				GCC_WARN_64_TO_32_BIT_CONVERSION = YES;
				GCC_WARN_ABOUT_RETURN_TYPE = YES_ERROR;
				GCC_WARN_UNDECLARED_SELECTOR = YES;
				GCC_WARN_UNINITIALIZED_AUTOS = YES;
				GCC_WARN_UNUSED_FUNCTION = YES;
				GCC_WARN_UNUSED_VARIABLE = YES;
				IPHONEOS_DEPLOYMENT_TARGET = 7.0;
				ONLY_ACTIVE_ARCH = YES;
				SDKROOT = iphoneos;
			};
			name = Debug;
		};
		633170A51840A49500F3268D /* Release */ = {
			isa = XCBuildConfiguration;
			buildSettings = {
				ALWAYS_SEARCH_USER_PATHS = NO;
				ARCHS = "$(ARCHS_STANDARD_INCLUDING_64_BIT)";
				CLANG_CXX_LANGUAGE_STANDARD = "gnu++0x";
				CLANG_CXX_LIBRARY = "libc++";
				CLANG_ENABLE_MODULES = YES;
				CLANG_ENABLE_OBJC_ARC = YES;
				CLANG_WARN_BOOL_CONVERSION = YES;
				CLANG_WARN_CONSTANT_CONVERSION = YES;
				CLANG_WARN_DIRECT_OBJC_ISA_USAGE = YES_ERROR;
				CLANG_WARN_EMPTY_BODY = YES;
				CLANG_WARN_ENUM_CONVERSION = YES;
				CLANG_WARN_INT_CONVERSION = YES;
				CLANG_WARN_OBJC_ROOT_CLASS = YES_ERROR;
				CLANG_WARN__DUPLICATE_METHOD_MATCH = YES;
				"CODE_SIGN_IDENTITY[sdk=iphoneos*]" = "iPhone Developer";
				COPY_PHASE_STRIP = YES;
				ENABLE_NS_ASSERTIONS = NO;
				GCC_C_LANGUAGE_STANDARD = gnu99;
				GCC_WARN_64_TO_32_BIT_CONVERSION = YES;
				GCC_WARN_ABOUT_RETURN_TYPE = YES_ERROR;
				GCC_WARN_UNDECLARED_SELECTOR = YES;
				GCC_WARN_UNINITIALIZED_AUTOS = YES;
				GCC_WARN_UNUSED_FUNCTION = YES;
				GCC_WARN_UNUSED_VARIABLE = YES;
				IPHONEOS_DEPLOYMENT_TARGET = 7.0;
				SDKROOT = iphoneos;
				VALIDATE_PRODUCT = YES;
			};
			name = Release;
		};
		633170A71840A49500F3268D /* Debug */ = {
			isa = XCBuildConfiguration;
			buildSettings = {
				ASSETCATALOG_COMPILER_APPICON_NAME = AppIcon;
				ASSETCATALOG_COMPILER_LAUNCHIMAGE_NAME = LaunchImage;
				GCC_PRECOMPILE_PREFIX_HEADER = YES;
				GCC_PREFIX_HEADER = "Jukebox/Jukebox-Prefix.pch";
				INFOPLIST_FILE = "Jukebox/Jukebox-Info.plist";
				PRODUCT_NAME = "$(TARGET_NAME)";
				WRAPPER_EXTENSION = app;
			};
			name = Debug;
		};
		633170A81840A49500F3268D /* Release */ = {
			isa = XCBuildConfiguration;
			buildSettings = {
				ASSETCATALOG_COMPILER_APPICON_NAME = AppIcon;
				ASSETCATALOG_COMPILER_LAUNCHIMAGE_NAME = LaunchImage;
				GCC_PRECOMPILE_PREFIX_HEADER = YES;
				GCC_PREFIX_HEADER = "Jukebox/Jukebox-Prefix.pch";
				INFOPLIST_FILE = "Jukebox/Jukebox-Info.plist";
				PRODUCT_NAME = "$(TARGET_NAME)";
				WRAPPER_EXTENSION = app;
			};
			name = Release;
		};
		633170AA1840A49500F3268D /* Debug */ = {
			isa = XCBuildConfiguration;
			buildSettings = {
				ARCHS = "$(ARCHS_STANDARD_INCLUDING_64_BIT)";
				BUNDLE_LOADER = "$(BUILT_PRODUCTS_DIR)/Jukebox.app/Jukebox";
				FRAMEWORK_SEARCH_PATHS = (
					"$(SDKROOT)/Developer/Library/Frameworks",
					"$(inherited)",
					"$(DEVELOPER_FRAMEWORKS_DIR)",
				);
				GCC_PRECOMPILE_PREFIX_HEADER = YES;
				GCC_PREFIX_HEADER = "Jukebox/Jukebox-Prefix.pch";
				GCC_PREPROCESSOR_DEFINITIONS = (
					"DEBUG=1",
					"$(inherited)",
				);
				INFOPLIST_FILE = "JukeboxTests/JukeboxTests-Info.plist";
				PRODUCT_NAME = "$(TARGET_NAME)";
				TEST_HOST = "$(BUNDLE_LOADER)";
				WRAPPER_EXTENSION = xctest;
			};
			name = Debug;
		};
		633170AB1840A49500F3268D /* Release */ = {
			isa = XCBuildConfiguration;
			buildSettings = {
				ARCHS = "$(ARCHS_STANDARD_INCLUDING_64_BIT)";
				BUNDLE_LOADER = "$(BUILT_PRODUCTS_DIR)/Jukebox.app/Jukebox";
				FRAMEWORK_SEARCH_PATHS = (
					"$(SDKROOT)/Developer/Library/Frameworks",
					"$(inherited)",
					"$(DEVELOPER_FRAMEWORKS_DIR)",
				);
				GCC_PRECOMPILE_PREFIX_HEADER = YES;
				GCC_PREFIX_HEADER = "Jukebox/Jukebox-Prefix.pch";
				INFOPLIST_FILE = "JukeboxTests/JukeboxTests-Info.plist";
				PRODUCT_NAME = "$(TARGET_NAME)";
				TEST_HOST = "$(BUNDLE_LOADER)";
				WRAPPER_EXTENSION = xctest;
			};
			name = Release;
		};
/* End XCBuildConfiguration section */

/* Begin XCConfigurationList section */
		633170751840A49500F3268D /* Build configuration list for PBXProject "Jukebox" */ = {
			isa = XCConfigurationList;
			buildConfigurations = (
				633170A41840A49500F3268D /* Debug */,
				633170A51840A49500F3268D /* Release */,
			);
			defaultConfigurationIsVisible = 0;
			defaultConfigurationName = Release;
		};
		633170A61840A49500F3268D /* Build configuration list for PBXNativeTarget "Jukebox" */ = {
			isa = XCConfigurationList;
			buildConfigurations = (
				633170A71840A49500F3268D /* Debug */,
				633170A81840A49500F3268D /* Release */,
			);
			defaultConfigurationIsVisible = 0;
		};
		633170A91840A49500F3268D /* Build configuration list for PBXNativeTarget "JukeboxTests" */ = {
			isa = XCConfigurationList;
			buildConfigurations = (
				633170AA1840A49500F3268D /* Debug */,
				633170AB1840A49500F3268D /* Release */,
			);
			defaultConfigurationIsVisible = 0;
		};
/* End XCConfigurationList section */
	};
	rootObject = 633170721840A49500F3268D /* Project object */;
}
